
Microsoft Visual Studio Solution File, Format Version 12.00
Project("{FAE04EC0-301F-11D3-BF4B-00C04F79EFBC}") = "MoneyManager.Domain", "MoneyManager.Domain\MoneyManager.Domain.csproj", "{34460450-40BB-4784-B62B-FDF7D1F1DEDF}"
EndProject
Project("{FAE04EC0-301F-11D3-BF4B-00C04F79EFBC}") = "MoneyManager.Infrastructure", "MoneyManager.Infrastructure\MoneyManager.Infrastructure.csproj", "{5FD0BC58-C7B7-4CAE-838D-2EF7F69040A2}"
EndProject
Global
	GlobalSection(SolutionConfigurationPlatforms) = preSolution
		Debug|Any CPU = Debug|Any CPU
		Release|Any CPU = Release|Any CPU
	EndGlobalSection
	GlobalSection(ProjectConfigurationPlatforms) = postSolution
		{34460450-40BB-4784-B62B-FDF7D1F1DEDF}.Debug|Any CPU.ActiveCfg = Debug|Any CPU
		{34460450-40BB-4784-B62B-FDF7D1F1DEDF}.Debug|Any CPU.Build.0 = Debug|Any CPU
		{34460450-40BB-4784-B62B-FDF7D1F1DEDF}.Release|Any CPU.ActiveCfg = Release|Any CPU
		{34460450-40BB-4784-B62B-FDF7D1F1DEDF}.Release|Any CPU.Build.0 = Release|Any CPU
		{5FD0BC58-C7B7-4CAE-838D-2EF7F69040A2}.Debug|Any CPU.ActiveCfg = Debug|Any CPU
		{5FD0BC58-C7B7-4CAE-838D-2EF7F69040A2}.Debug|Any CPU.Build.0 = Debug|Any CPU
		{5FD0BC58-C7B7-4CAE-838D-2EF7F69040A2}.Release|Any CPU.ActiveCfg = Release|Any CPU
		{5FD0BC58-C7B7-4CAE-838D-2EF7F69040A2}.Release|Any CPU.Build.0 = Release|Any CPU
	EndGlobalSection
EndGlobal
